
Microsoft Visual Studio Solution File, Format Version 12.00
# Visual Studio 15
VisualStudioVersion = 15.0.27130.2020
MinimumVisualStudioVersion = 10.0.40219.1
Project("{FAE04EC0-301F-11D3-BF4B-00C04F79EFBC}") = "SoftwareTracker", "SoftwareTracker\SoftwareTracker.csproj", "{33B19749-8263-4975-82EA-B32152839D41}"
EndProject
Project("{E53339B2-1760-4266-BCC7-CA923CBCF16C}") = "docker-compose", "docker-compose.dcproj", "{D497D6BA-2F59-4374-9809-C3EA243BA00F}"
EndProject
Global
	GlobalSection(SolutionConfigurationPlatforms) = preSolution
		Debug|Any CPU = Debug|Any CPU
		Release|Any CPU = Release|Any CPU
	EndGlobalSection
	GlobalSection(ProjectConfigurationPlatforms) = postSolution
		{33B19749-8263-4975-82EA-B32152839D41}.Debug|Any CPU.ActiveCfg = Debug|Any CPU
		{33B19749-8263-4975-82EA-B32152839D41}.Debug|Any CPU.Build.0 = Debug|Any CPU
		{33B19749-8263-4975-82EA-B32152839D41}.Release|Any CPU.ActiveCfg = Release|Any CPU
		{33B19749-8263-4975-82EA-B32152839D41}.Release|Any CPU.Build.0 = Release|Any CPU
		{D497D6BA-2F59-4374-9809-C3EA243BA00F}.Debug|Any CPU.ActiveCfg = Debug|Any CPU
		{D497D6BA-2F59-4374-9809-C3EA243BA00F}.Debug|Any CPU.Build.0 = Debug|Any CPU
		{D497D6BA-2F59-4374-9809-C3EA243BA00F}.Release|Any CPU.ActiveCfg = Release|Any CPU
		{D497D6BA-2F59-4374-9809-C3EA243BA00F}.Release|Any CPU.Build.0 = Release|Any CPU
	EndGlobalSection
	GlobalSection(SolutionProperties) = preSolution
		HideSolutionNode = FALSE
	EndGlobalSection
	GlobalSection(ExtensibilityGlobals) = postSolution
		SolutionGuid = {31397CC6-AF94-4060-AB7C-8E74088E7EE9}
	EndGlobalSection
EndGlobal
